
Microsoft Visual Studio Solution File, Format Version 12.00
# Visual Studio Version 16
VisualStudioVersion = 16.0.31321.278
MinimumVisualStudioVersion = 10.0.40219.1
Project("{FAE04EC0-301F-11D3-BF4B-00C04F79EFBC}") = "YoutubeMp3Downloader.Web", "YoutubeMp3Downloader.Web\YoutubeMp3Downloader.Web.csproj", "{D8FAE8F3-55F6-4025-B53F-A912E8AFC221}"
EndProject
Project("{FAE04EC0-301F-11D3-BF4B-00C04F79EFBC}") = "YoutubeMp3Downloader.Service", "YoutubeMp3Downloader.Service\YoutubeMp3Downloader.Service.csproj", "{32E665D0-E66C-456A-A3EB-9B0CC06139A6}"
EndProject
Project("{FAE04EC0-301F-11D3-BF4B-00C04F79EFBC}") = "YoutubeMp3Downloader.Infrastructure", "YoutubeMp3Downloader.Infrastructure\YoutubeMp3Downloader.Infrastructure.csproj", "{5DE6153C-7D3A-4BE4-BF0B-126299BB41B3}"
EndProject
Project("{FAE04EC0-301F-11D3-BF4B-00C04F79EFBC}") = "YoutubeMp3Downloader.Shared", "YoutubeMp3Downloader.Shared\YoutubeMp3Downloader.Shared.csproj", "{BB477F2F-F51F-4229-BFF3-90791F8C8A32}"
EndProject
Project("{FAE04EC0-301F-11D3-BF4B-00C04F79EFBC}") = "YoutubeMp3Downloader.Application", "YoutubeMp3Downloader.Application\YoutubeMp3Downloader.Application.csproj", "{33910C53-5ED1-4677-B424-9D18F159BA2A}"
EndProject
Global
	GlobalSection(SolutionConfigurationPlatforms) = preSolution
		Debug|Any CPU = Debug|Any CPU
		Release|Any CPU = Release|Any CPU
	EndGlobalSection
	GlobalSection(ProjectConfigurationPlatforms) = postSolution
		{D8FAE8F3-55F6-4025-B53F-A912E8AFC221}.Debug|Any CPU.ActiveCfg = Debug|Any CPU
		{D8FAE8F3-55F6-4025-B53F-A912E8AFC221}.Debug|Any CPU.Build.0 = Debug|Any CPU
		{D8FAE8F3-55F6-4025-B53F-A912E8AFC221}.Release|Any CPU.ActiveCfg = Release|Any CPU
		{D8FAE8F3-55F6-4025-B53F-A912E8AFC221}.Release|Any CPU.Build.0 = Release|Any CPU
		{32E665D0-E66C-456A-A3EB-9B0CC06139A6}.Debug|Any CPU.ActiveCfg = Debug|Any CPU
		{32E665D0-E66C-456A-A3EB-9B0CC06139A6}.Debug|Any CPU.Build.0 = Debug|Any CPU
		{32E665D0-E66C-456A-A3EB-9B0CC06139A6}.Release|Any CPU.ActiveCfg = Release|Any CPU
		{32E665D0-E66C-456A-A3EB-9B0CC06139A6}.Release|Any CPU.Build.0 = Release|Any CPU
		{5DE6153C-7D3A-4BE4-BF0B-126299BB41B3}.Debug|Any CPU.ActiveCfg = Debug|Any CPU
		{5DE6153C-7D3A-4BE4-BF0B-126299BB41B3}.Debug|Any CPU.Build.0 = Debug|Any CPU
		{5DE6153C-7D3A-4BE4-BF0B-126299BB41B3}.Release|Any CPU.ActiveCfg = Release|Any CPU
		{5DE6153C-7D3A-4BE4-BF0B-126299BB41B3}.Release|Any CPU.Build.0 = Release|Any CPU
		{BB477F2F-F51F-4229-BFF3-90791F8C8A32}.Debug|Any CPU.ActiveCfg = Debug|Any CPU
		{BB477F2F-F51F-4229-BFF3-90791F8C8A32}.Debug|Any CPU.Build.0 = Debug|Any CPU
		{BB477F2F-F51F-4229-BFF3-90791F8C8A32}.Release|Any CPU.ActiveCfg = Release|Any CPU
		{BB477F2F-F51F-4229-BFF3-90791F8C8A32}.Release|Any CPU.Build.0 = Release|Any CPU
		{33910C53-5ED1-4677-B424-9D18F159BA2A}.Debug|Any CPU.ActiveCfg = Debug|Any CPU
		{33910C53-5ED1-4677-B424-9D18F159BA2A}.Debug|Any CPU.Build.0 = Debug|Any CPU
		{33910C53-5ED1-4677-B424-9D18F159BA2A}.Release|Any CPU.ActiveCfg = Release|Any CPU
		{33910C53-5ED1-4677-B424-9D18F159BA2A}.Release|Any CPU.Build.0 = Release|Any CPU
	EndGlobalSection
	GlobalSection(SolutionProperties) = preSolution
		HideSolutionNode = FALSE
	EndGlobalSection
	GlobalSection(ExtensibilityGlobals) = postSolution
		SolutionGuid = {4056BA1A-1E5C-4216-93EF-FC2EA4DECA7C}
	EndGlobalSection
EndGlobal
